// !$*UTF8*$!
{
	archiveVersion = 1;
	classes = {
	};
	objectVersion = 52;
	objects = {

/* Begin PBXBuildFile section */
		912F115725D9545A003432FE /* AppDelegate.swift in Sources */ = {isa = PBXBuildFile; fileRef = 912F115625D9545A003432FE /* AppDelegate.swift */; };
		912F115925D9545A003432FE /* SceneDelegate.swift in Sources */ = {isa = PBXBuildFile; fileRef = 912F115825D9545A003432FE /* SceneDelegate.swift */; };
		912F115B25D9545A003432FE /* HomeViewController.swift in Sources */ = {isa = PBXBuildFile; fileRef = 912F115A25D9545A003432FE /* HomeViewController.swift */; };
		912F116025D9545B003432FE /* Assets.xcassets in Resources */ = {isa = PBXBuildFile; fileRef = 912F115F25D9545B003432FE /* Assets.xcassets */; };
		912F116325D9545B003432FE /* LaunchScreen.storyboard in Resources */ = {isa = PBXBuildFile; fileRef = 912F116125D9545B003432FE /* LaunchScreen.storyboard */; };
		912F116E25D9545C003432FE /* MatchingAppTests.swift in Sources */ = {isa = PBXBuildFile; fileRef = 912F116D25D9545C003432FE /* MatchingAppTests.swift */; };
		912F117925D9545C003432FE /* MatchingAppUITests.swift in Sources */ = {isa = PBXBuildFile; fileRef = 912F117825D9545C003432FE /* MatchingAppUITests.swift */; };
		9133E12025DA94C900E39AE0 /* UIImage-Extention.swift in Sources */ = {isa = PBXBuildFile; fileRef = 9133E11F25DA94C900E39AE0 /* UIImage-Extention.swift */; };
		91BC6CD925DAA69E00C679B0 /* TopControlView.swift in Sources */ = {isa = PBXBuildFile; fileRef = 91BC6CD825DAA69E00C679B0 /* TopControlView.swift */; };
		91BC6CDF25DAAD5400C679B0 /* RxSwift in Frameworks */ = {isa = PBXBuildFile; productRef = 91BC6CDE25DAAD5400C679B0 /* RxSwift */; };
		91BC6CE125DAAD5400C679B0 /* RxCocoa in Frameworks */ = {isa = PBXBuildFile; productRef = 91BC6CE025DAAD5400C679B0 /* RxCocoa */; };
		91BC6CE325DAAD5400C679B0 /* RxRelay in Frameworks */ = {isa = PBXBuildFile; productRef = 91BC6CE225DAAD5400C679B0 /* RxRelay */; };
		91BC6CE825DBFF5600C679B0 /* UIView-Extention.swift in Sources */ = {isa = PBXBuildFile; fileRef = 91BC6CE725DBFF5600C679B0 /* UIView-Extention.swift */; };
		91BC6CED25DC0D6800C679B0 /* CardView.swift in Sources */ = {isa = PBXBuildFile; fileRef = 91BC6CEC25DC0D6800C679B0 /* CardView.swift */; };
		91FCC40A25DA862800376F8C /* BottomControlView.swift in Sources */ = {isa = PBXBuildFile; fileRef = 91FCC40925DA862800376F8C /* BottomControlView.swift */; };
		91FF9E3A25DCDA6800AD69FE /* UIColor-Extention.swift in Sources */ = {isa = PBXBuildFile; fileRef = 91FF9E3925DCDA6800AD69FE /* UIColor-Extention.swift */; };
/* End PBXBuildFile section */

/* Begin PBXContainerItemProxy section */
		912F116A25D9545C003432FE /* PBXContainerItemProxy */ = {
			isa = PBXContainerItemProxy;
			containerPortal = 912F114B25D9545A003432FE /* Project object */;
			proxyType = 1;
			remoteGlobalIDString = 912F115225D9545A003432FE;
			remoteInfo = MatchingApp;
		};
		912F117525D9545C003432FE /* PBXContainerItemProxy */ = {
			isa = PBXContainerItemProxy;
			containerPortal = 912F114B25D9545A003432FE /* Project object */;
			proxyType = 1;
			remoteGlobalIDString = 912F115225D9545A003432FE;
			remoteInfo = MatchingApp;
		};
/* End PBXContainerItemProxy section */

/* Begin PBXFileReference section */
		912F115325D9545A003432FE /* MatchingApp.app */ = {isa = PBXFileReference; explicitFileType = wrapper.application; includeInIndex = 0; path = MatchingApp.app; sourceTree = BUILT_PRODUCTS_DIR; };
		912F115625D9545A003432FE /* AppDelegate.swift */ = {isa = PBXFileReference; lastKnownFileType = sourcecode.swift; path = AppDelegate.swift; sourceTree = "<group>"; };
		912F115825D9545A003432FE /* SceneDelegate.swift */ = {isa = PBXFileReference; lastKnownFileType = sourcecode.swift; path = SceneDelegate.swift; sourceTree = "<group>"; };
		912F115A25D9545A003432FE /* HomeViewController.swift */ = {isa = PBXFileReference; lastKnownFileType = sourcecode.swift; path = HomeViewController.swift; sourceTree = "<group>"; };
		912F115F25D9545B003432FE /* Assets.xcassets */ = {isa = PBXFileReference; lastKnownFileType = folder.assetcatalog; path = Assets.xcassets; sourceTree = "<group>"; };
		912F116225D9545B003432FE /* Base */ = {isa = PBXFileReference; lastKnownFileType = file.storyboard; name = Base; path = Base.lproj/LaunchScreen.storyboard; sourceTree = "<group>"; };
		912F116425D9545B003432FE /* Info.plist */ = {isa = PBXFileReference; lastKnownFileType = text.plist.xml; path = Info.plist; sourceTree = "<group>"; };
		912F116925D9545C003432FE /* MatchingAppTests.xctest */ = {isa = PBXFileReference; explicitFileType = wrapper.cfbundle; includeInIndex = 0; path = MatchingAppTests.xctest; sourceTree = BUILT_PRODUCTS_DIR; };
		912F116D25D9545C003432FE /* MatchingAppTests.swift */ = {isa = PBXFileReference; lastKnownFileType = sourcecode.swift; path = MatchingAppTests.swift; sourceTree = "<group>"; };
		912F116F25D9545C003432FE /* Info.plist */ = {isa = PBXFileReference; lastKnownFileType = text.plist.xml; path = Info.plist; sourceTree = "<group>"; };
		912F117425D9545C003432FE /* MatchingAppUITests.xctest */ = {isa = PBXFileReference; explicitFileType = wrapper.cfbundle; includeInIndex = 0; path = MatchingAppUITests.xctest; sourceTree = BUILT_PRODUCTS_DIR; };
		912F117825D9545C003432FE /* MatchingAppUITests.swift */ = {isa = PBXFileReference; lastKnownFileType = sourcecode.swift; path = MatchingAppUITests.swift; sourceTree = "<group>"; };
		912F117A25D9545C003432FE /* Info.plist */ = {isa = PBXFileReference; lastKnownFileType = text.plist.xml; path = Info.plist; sourceTree = "<group>"; };
		9133E11F25DA94C900E39AE0 /* UIImage-Extention.swift */ = {isa = PBXFileReference; lastKnownFileType = sourcecode.swift; path = "UIImage-Extention.swift"; sourceTree = "<group>"; };
		91BC6CD825DAA69E00C679B0 /* TopControlView.swift */ = {isa = PBXFileReference; lastKnownFileType = sourcecode.swift; path = TopControlView.swift; sourceTree = "<group>"; };
		91BC6CE725DBFF5600C679B0 /* UIView-Extention.swift */ = {isa = PBXFileReference; lastKnownFileType = sourcecode.swift; path = "UIView-Extention.swift"; sourceTree = "<group>"; };
		91BC6CEC25DC0D6800C679B0 /* CardView.swift */ = {isa = PBXFileReference; lastKnownFileType = sourcecode.swift; path = CardView.swift; sourceTree = "<group>"; };
		91FCC40925DA862800376F8C /* BottomControlView.swift */ = {isa = PBXFileReference; lastKnownFileType = sourcecode.swift; path = BottomControlView.swift; sourceTree = "<group>"; };
		91FF9E3925DCDA6800AD69FE /* UIColor-Extention.swift */ = {isa = PBXFileReference; lastKnownFileType = sourcecode.swift; path = "UIColor-Extention.swift"; sourceTree = "<group>"; };
/* End PBXFileReference section */

/* Begin PBXFrameworksBuildPhase section */
		912F115025D9545A003432FE /* Frameworks */ = {
			isa = PBXFrameworksBuildPhase;
			buildActionMask = 2147483647;
			files = (
				91BC6CE325DAAD5400C679B0 /* RxRelay in Frameworks */,
				91BC6CE125DAAD5400C679B0 /* RxCocoa in Frameworks */,
				91BC6CDF25DAAD5400C679B0 /* RxSwift in Frameworks */,
			);
			runOnlyForDeploymentPostprocessing = 0;
		};
		912F116625D9545C003432FE /* Frameworks */ = {
			isa = PBXFrameworksBuildPhase;
			buildActionMask = 2147483647;
			files = (
			);
			runOnlyForDeploymentPostprocessing = 0;
		};
		912F117125D9545C003432FE /* Frameworks */ = {
			isa = PBXFrameworksBuildPhase;
			buildActionMask = 2147483647;
			files = (
			);
			runOnlyForDeploymentPostprocessing = 0;
		};
/* End PBXFrameworksBuildPhase section */

/* Begin PBXGroup section */
		912F114A25D9545A003432FE = {
			isa = PBXGroup;
			children = (
				912F115525D9545A003432FE /* MatchingApp */,
				912F116C25D9545C003432FE /* MatchingAppTests */,
				912F117725D9545C003432FE /* MatchingAppUITests */,
				912F115425D9545A003432FE /* Products */,
			);
			sourceTree = "<group>";
		};
		912F115425D9545A003432FE /* Products */ = {
			isa = PBXGroup;
			children = (
				912F115325D9545A003432FE /* MatchingApp.app */,
				912F116925D9545C003432FE /* MatchingAppTests.xctest */,
				912F117425D9545C003432FE /* MatchingAppUITests.xctest */,
			);
			name = Products;
			sourceTree = "<group>";
		};
		912F115525D9545A003432FE /* MatchingApp */ = {
			isa = PBXGroup;
			children = (
				9133E12425DA94D400E39AE0 /* Extentions */,
				91FCC40825DA85FF00376F8C /* Views */,
				91FCC40425DA85CF00376F8C /* ViewControllers */,
				912F115625D9545A003432FE /* AppDelegate.swift */,
				912F115825D9545A003432FE /* SceneDelegate.swift */,
				912F115F25D9545B003432FE /* Assets.xcassets */,
				912F116125D9545B003432FE /* LaunchScreen.storyboard */,
				912F116425D9545B003432FE /* Info.plist */,
			);
			path = MatchingApp;
			sourceTree = "<group>";
		};
		912F116C25D9545C003432FE /* MatchingAppTests */ = {
			isa = PBXGroup;
			children = (
				912F116D25D9545C003432FE /* MatchingAppTests.swift */,
				912F116F25D9545C003432FE /* Info.plist */,
			);
			path = MatchingAppTests;
			sourceTree = "<group>";
		};
		912F117725D9545C003432FE /* MatchingAppUITests */ = {
			isa = PBXGroup;
			children = (
				912F117825D9545C003432FE /* MatchingAppUITests.swift */,
				912F117A25D9545C003432FE /* Info.plist */,
			);
			path = MatchingAppUITests;
			sourceTree = "<group>";
		};
		9133E12425DA94D400E39AE0 /* Extentions */ = {
			isa = PBXGroup;
			children = (
				9133E11F25DA94C900E39AE0 /* UIImage-Extention.swift */,
				91BC6CE725DBFF5600C679B0 /* UIView-Extention.swift */,
				91FF9E3925DCDA6800AD69FE /* UIColor-Extention.swift */,
			);
			path = Extentions;
			sourceTree = "<group>";
		};
		91FCC40425DA85CF00376F8C /* ViewControllers */ = {
			isa = PBXGroup;
			children = (
				912F115A25D9545A003432FE /* HomeViewController.swift */,
			);
			path = ViewControllers;
			sourceTree = "<group>";
		};
		91FCC40825DA85FF00376F8C /* Views */ = {
			isa = PBXGroup;
			children = (
				91FCC40925DA862800376F8C /* BottomControlView.swift */,
				91BC6CD825DAA69E00C679B0 /* TopControlView.swift */,
				91BC6CEC25DC0D6800C679B0 /* CardView.swift */,
			);
			path = Views;
			sourceTree = "<group>";
		};
/* End PBXGroup section */

/* Begin PBXNativeTarget section */
		912F115225D9545A003432FE /* MatchingApp */ = {
			isa = PBXNativeTarget;
			buildConfigurationList = 912F117D25D9545C003432FE /* Build configuration list for PBXNativeTarget "MatchingApp" */;
			buildPhases = (
				912F114F25D9545A003432FE /* Sources */,
				912F115025D9545A003432FE /* Frameworks */,
				912F115125D9545A003432FE /* Resources */,
			);
			buildRules = (
			);
			dependencies = (
			);
			name = MatchingApp;
			packageProductDependencies = (
				91BC6CDE25DAAD5400C679B0 /* RxSwift */,
				91BC6CE025DAAD5400C679B0 /* RxCocoa */,
				91BC6CE225DAAD5400C679B0 /* RxRelay */,
			);
			productName = MatchingApp;
			productReference = 912F115325D9545A003432FE /* MatchingApp.app */;
			productType = "com.apple.product-type.application";
		};
		912F116825D9545C003432FE /* MatchingAppTests */ = {
			isa = PBXNativeTarget;
			buildConfigurationList = 912F118025D9545C003432FE /* Build configuration list for PBXNativeTarget "MatchingAppTests" */;
			buildPhases = (
				912F116525D9545C003432FE /* Sources */,
				912F116625D9545C003432FE /* Frameworks */,
				912F116725D9545C003432FE /* Resources */,
			);
			buildRules = (
			);
			dependencies = (
				912F116B25D9545C003432FE /* PBXTargetDependency */,
			);
			name = MatchingAppTests;
			productName = MatchingAppTests;
			productReference = 912F116925D9545C003432FE /* MatchingAppTests.xctest */;
			productType = "com.apple.product-type.bundle.unit-test";
		};
		912F117325D9545C003432FE /* MatchingAppUITests */ = {
			isa = PBXNativeTarget;
			buildConfigurationList = 912F118325D9545C003432FE /* Build configuration list for PBXNativeTarget "MatchingAppUITests" */;
			buildPhases = (
				912F117025D9545C003432FE /* Sources */,
				912F117125D9545C003432FE /* Frameworks */,
				912F117225D9545C003432FE /* Resources */,
			);
			buildRules = (
			);
			dependencies = (
				912F117625D9545C003432FE /* PBXTargetDependency */,
			);
			name = MatchingAppUITests;
			productName = MatchingAppUITests;
			productReference = 912F117425D9545C003432FE /* MatchingAppUITests.xctest */;
			productType = "com.apple.product-type.bundle.ui-testing";
		};
/* End PBXNativeTarget section */

/* Begin PBXProject section */
		912F114B25D9545A003432FE /* Project object */ = {
			isa = PBXProject;
			attributes = {
				LastSwiftUpdateCheck = 1210;
				LastUpgradeCheck = 1210;
				TargetAttributes = {
					912F115225D9545A003432FE = {
						CreatedOnToolsVersion = 12.1;
					};
					912F116825D9545C003432FE = {
						CreatedOnToolsVersion = 12.1;
						TestTargetID = 912F115225D9545A003432FE;
					};
					912F117325D9545C003432FE = {
						CreatedOnToolsVersion = 12.1;
						TestTargetID = 912F115225D9545A003432FE;
					};
				};
			};
			buildConfigurationList = 912F114E25D9545A003432FE /* Build configuration list for PBXProject "MatchingApp" */;
			compatibilityVersion = "Xcode 9.3";
			developmentRegion = en;
			hasScannedForEncodings = 0;
			knownRegions = (
				en,
				Base,
			);
			mainGroup = 912F114A25D9545A003432FE;
			packageReferences = (
				91BC6CDD25DAAD5400C679B0 /* XCRemoteSwiftPackageReference "RxSwift" */,
			);
			productRefGroup = 912F115425D9545A003432FE /* Products */;
			projectDirPath = "";
			projectRoot = "";
			targets = (
				912F115225D9545A003432FE /* MatchingApp */,
				912F116825D9545C003432FE /* MatchingAppTests */,
				912F117325D9545C003432FE /* MatchingAppUITests */,
			);
		};
/* End PBXProject section */

/* Begin PBXResourcesBuildPhase section */
		912F115125D9545A003432FE /* Resources */ = {
			isa = PBXResourcesBuildPhase;
			buildActionMask = 2147483647;
			files = (
				912F116325D9545B003432FE /* LaunchScreen.storyboard in Resources */,
				912F116025D9545B003432FE /* Assets.xcassets in Resources */,
			);
			runOnlyForDeploymentPostprocessing = 0;
		};
		912F116725D9545C003432FE /* Resources */ = {
			isa = PBXResourcesBuildPhase;
			buildActionMask = 2147483647;
			files = (
			);
			runOnlyForDeploymentPostprocessing = 0;
		};
		912F117225D9545C003432FE /* Resources */ = {
			isa = PBXResourcesBuildPhase;
			buildActionMask = 2147483647;
			files = (
			);
			runOnlyForDeploymentPostprocessing = 0;
		};
/* End PBXResourcesBuildPhase section */

/* Begin PBXSourcesBuildPhase section */
		912F114F25D9545A003432FE /* Sources */ = {
			isa = PBXSourcesBuildPhase;
			buildActionMask = 2147483647;
			files = (
				91BC6CE825DBFF5600C679B0 /* UIView-Extention.swift in Sources */,
				91BC6CD925DAA69E00C679B0 /* TopControlView.swift in Sources */,
				912F115B25D9545A003432FE /* HomeViewController.swift in Sources */,
				912F115725D9545A003432FE /* AppDelegate.swift in Sources */,
				91FF9E3A25DCDA6800AD69FE /* UIColor-Extention.swift in Sources */,
				9133E12025DA94C900E39AE0 /* UIImage-Extention.swift in Sources */,
				912F115925D9545A003432FE /* SceneDelegate.swift in Sources */,
				91BC6CED25DC0D6800C679B0 /* CardView.swift in Sources */,
				91FCC40A25DA862800376F8C /* BottomControlView.swift in Sources */,
			);
			runOnlyForDeploymentPostprocessing = 0;
		};
		912F116525D9545C003432FE /* Sources */ = {
			isa = PBXSourcesBuildPhase;
			buildActionMask = 2147483647;
			files = (
				912F116E25D9545C003432FE /* MatchingAppTests.swift in Sources */,
			);
			runOnlyForDeploymentPostprocessing = 0;
		};
		912F117025D9545C003432FE /* Sources */ = {
			isa = PBXSourcesBuildPhase;
			buildActionMask = 2147483647;
			files = (
				912F117925D9545C003432FE /* MatchingAppUITests.swift in Sources */,
			);
			runOnlyForDeploymentPostprocessing = 0;
		};
/* End PBXSourcesBuildPhase section */

/* Begin PBXTargetDependency section */
		912F116B25D9545C003432FE /* PBXTargetDependency */ = {
			isa = PBXTargetDependency;
			target = 912F115225D9545A003432FE /* MatchingApp */;
			targetProxy = 912F116A25D9545C003432FE /* PBXContainerItemProxy */;
		};
		912F117625D9545C003432FE /* PBXTargetDependency */ = {
			isa = PBXTargetDependency;
			target = 912F115225D9545A003432FE /* MatchingApp */;
			targetProxy = 912F117525D9545C003432FE /* PBXContainerItemProxy */;
		};
/* End PBXTargetDependency section */

/* Begin PBXVariantGroup section */
		912F116125D9545B003432FE /* LaunchScreen.storyboard */ = {
			isa = PBXVariantGroup;
			children = (
				912F116225D9545B003432FE /* Base */,
			);
			name = LaunchScreen.storyboard;
			sourceTree = "<group>";
		};
/* End PBXVariantGroup section */

/* Begin XCBuildConfiguration section */
		912F117B25D9545C003432FE /* Debug */ = {
			isa = XCBuildConfiguration;
			buildSettings = {
				ALWAYS_SEARCH_USER_PATHS = NO;
				CLANG_ANALYZER_NONNULL = YES;
				CLANG_ANALYZER_NUMBER_OBJECT_CONVERSION = YES_AGGRESSIVE;
				CLANG_CXX_LANGUAGE_STANDARD = "gnu++14";
				CLANG_CXX_LIBRARY = "libc++";
				CLANG_ENABLE_MODULES = YES;
				CLANG_ENABLE_OBJC_ARC = YES;
				CLANG_ENABLE_OBJC_WEAK = YES;
				CLANG_WARN_BLOCK_CAPTURE_AUTORELEASING = YES;
				CLANG_WARN_BOOL_CONVERSION = YES;
				CLANG_WARN_COMMA = YES;
				CLANG_WARN_CONSTANT_CONVERSION = YES;
				CLANG_WARN_DEPRECATED_OBJC_IMPLEMENTATIONS = YES;
				CLANG_WARN_DIRECT_OBJC_ISA_USAGE = YES_ERROR;
				CLANG_WARN_DOCUMENTATION_COMMENTS = YES;
				CLANG_WARN_EMPTY_BODY = YES;
				CLANG_WARN_ENUM_CONVERSION = YES;
				CLANG_WARN_INFINITE_RECURSION = YES;
				CLANG_WARN_INT_CONVERSION = YES;
				CLANG_WARN_NON_LITERAL_NULL_CONVERSION = YES;
				CLANG_WARN_OBJC_IMPLICIT_RETAIN_SELF = YES;
				CLANG_WARN_OBJC_LITERAL_CONVERSION = YES;
				CLANG_WARN_OBJC_ROOT_CLASS = YES_ERROR;
				CLANG_WARN_QUOTED_INCLUDE_IN_FRAMEWORK_HEADER = YES;
				CLANG_WARN_RANGE_LOOP_ANALYSIS = YES;
				CLANG_WARN_STRICT_PROTOTYPES = YES;
				CLANG_WARN_SUSPICIOUS_MOVE = YES;
				CLANG_WARN_UNGUARDED_AVAILABILITY = YES_AGGRESSIVE;
				CLANG_WARN_UNREACHABLE_CODE = YES;
				CLANG_WARN__DUPLICATE_METHOD_MATCH = YES;
				COPY_PHASE_STRIP = NO;
				DEBUG_INFORMATION_FORMAT = dwarf;
				ENABLE_STRICT_OBJC_MSGSEND = YES;
				ENABLE_TESTABILITY = YES;
				GCC_C_LANGUAGE_STANDARD = gnu11;
				GCC_DYNAMIC_NO_PIC = NO;
				GCC_NO_COMMON_BLOCKS = YES;
				GCC_OPTIMIZATION_LEVEL = 0;
				GCC_PREPROCESSOR_DEFINITIONS = (
					"DEBUG=1",
					"$(inherited)",
				);
				GCC_WARN_64_TO_32_BIT_CONVERSION = YES;
				GCC_WARN_ABOUT_RETURN_TYPE = YES_ERROR;
				GCC_WARN_UNDECLARED_SELECTOR = YES;
				GCC_WARN_UNINITIALIZED_AUTOS = YES_AGGRESSIVE;
				GCC_WARN_UNUSED_FUNCTION = YES;
				GCC_WARN_UNUSED_VARIABLE = YES;
				IPHONEOS_DEPLOYMENT_TARGET = 14.1;
				MTL_ENABLE_DEBUG_INFO = INCLUDE_SOURCE;
				MTL_FAST_MATH = YES;
				ONLY_ACTIVE_ARCH = YES;
				SDKROOT = iphoneos;
				SWIFT_ACTIVE_COMPILATION_CONDITIONS = DEBUG;
				SWIFT_OPTIMIZATION_LEVEL = "-Onone";
			};
			name = Debug;
		};
		912F117C25D9545C003432FE /* Release */ = {
			isa = XCBuildConfiguration;
			buildSettings = {
				ALWAYS_SEARCH_USER_PATHS = NO;
				CLANG_ANALYZER_NONNULL = YES;
				CLANG_ANALYZER_NUMBER_OBJECT_CONVERSION = YES_AGGRESSIVE;
				CLANG_CXX_LANGUAGE_STANDARD = "gnu++14";
				CLANG_CXX_LIBRARY = "libc++";
				CLANG_ENABLE_MODULES = YES;
				CLANG_ENABLE_OBJC_ARC = YES;
				CLANG_ENABLE_OBJC_WEAK = YES;
				CLANG_WARN_BLOCK_CAPTURE_AUTORELEASING = YES;
				CLANG_WARN_BOOL_CONVERSION = YES;
				CLANG_WARN_COMMA = YES;
				CLANG_WARN_CONSTANT_CONVERSION = YES;
				CLANG_WARN_DEPRECATED_OBJC_IMPLEMENTATIONS = YES;
				CLANG_WARN_DIRECT_OBJC_ISA_USAGE = YES_ERROR;
				CLANG_WARN_DOCUMENTATION_COMMENTS = YES;
				CLANG_WARN_EMPTY_BODY = YES;
				CLANG_WARN_ENUM_CONVERSION = YES;
				CLANG_WARN_INFINITE_RECURSION = YES;
				CLANG_WARN_INT_CONVERSION = YES;
				CLANG_WARN_NON_LITERAL_NULL_CONVERSION = YES;
				CLANG_WARN_OBJC_IMPLICIT_RETAIN_SELF = YES;
				CLANG_WARN_OBJC_LITERAL_CONVERSION = YES;
				CLANG_WARN_OBJC_ROOT_CLASS = YES_ERROR;
				CLANG_WARN_QUOTED_INCLUDE_IN_FRAMEWORK_HEADER = YES;
				CLANG_WARN_RANGE_LOOP_ANALYSIS = YES;
				CLANG_WARN_STRICT_PROTOTYPES = YES;
				CLANG_WARN_SUSPICIOUS_MOVE = YES;
				CLANG_WARN_UNGUARDED_AVAILABILITY = YES_AGGRESSIVE;
				CLANG_WARN_UNREACHABLE_CODE = YES;
				CLANG_WARN__DUPLICATE_METHOD_MATCH = YES;
				COPY_PHASE_STRIP = NO;
				DEBUG_INFORMATION_FORMAT = "dwarf-with-dsym";
				ENABLE_NS_ASSERTIONS = NO;
				ENABLE_STRICT_OBJC_MSGSEND = YES;
				GCC_C_LANGUAGE_STANDARD = gnu11;
				GCC_NO_COMMON_BLOCKS = YES;
				GCC_WARN_64_TO_32_BIT_CONVERSION = YES;
				GCC_WARN_ABOUT_RETURN_TYPE = YES_ERROR;
				GCC_WARN_UNDECLARED_SELECTOR = YES;
				GCC_WARN_UNINITIALIZED_AUTOS = YES_AGGRESSIVE;
				GCC_WARN_UNUSED_FUNCTION = YES;
				GCC_WARN_UNUSED_VARIABLE = YES;
				IPHONEOS_DEPLOYMENT_TARGET = 14.1;
				MTL_ENABLE_DEBUG_INFO = NO;
				MTL_FAST_MATH = YES;
				SDKROOT = iphoneos;
				SWIFT_COMPILATION_MODE = wholemodule;
				SWIFT_OPTIMIZATION_LEVEL = "-O";
				VALIDATE_PRODUCT = YES;
			};
			name = Release;
		};
		912F117E25D9545C003432FE /* Debug */ = {
			isa = XCBuildConfiguration;
			buildSettings = {
				ASSETCATALOG_COMPILER_APPICON_NAME = AppIcon;
				ASSETCATALOG_COMPILER_GLOBAL_ACCENT_COLOR_NAME = AccentColor;
				CODE_SIGN_STYLE = Automatic;
				DEVELOPMENT_TEAM = 6522YLS3GH;
				INFOPLIST_FILE = MatchingApp/Info.plist;
				LD_RUNPATH_SEARCH_PATHS = (
					"$(inherited)",
					"@executable_path/Frameworks",
				);
				PRODUCT_BUNDLE_IDENTIFIER = s.photo.trumpet.005.Matchingapp.MatchingApp;
				PRODUCT_NAME = "$(TARGET_NAME)";
				SWIFT_VERSION = 5.0;
				TARGETED_DEVICE_FAMILY = "1,2";
			};
			name = Debug;
		};
		912F117F25D9545C003432FE /* Release */ = {
			isa = XCBuildConfiguration;
			buildSettings = {
				ASSETCATALOG_COMPILER_APPICON_NAME = AppIcon;
				ASSETCATALOG_COMPILER_GLOBAL_ACCENT_COLOR_NAME = AccentColor;
				CODE_SIGN_STYLE = Automatic;
				DEVELOPMENT_TEAM = 6522YLS3GH;
				INFOPLIST_FILE = MatchingApp/Info.plist;
				LD_RUNPATH_SEARCH_PATHS = (
					"$(inherited)",
					"@executable_path/Frameworks",
				);
				PRODUCT_BUNDLE_IDENTIFIER = s.photo.trumpet.005.Matchingapp.MatchingApp;
				PRODUCT_NAME = "$(TARGET_NAME)";
				SWIFT_VERSION = 5.0;
				TARGETED_DEVICE_FAMILY = "1,2";
			};
			name = Release;
		};
		912F118125D9545C003432FE /* Debug */ = {
			isa = XCBuildConfiguration;
			buildSettings = {
				ALWAYS_EMBED_SWIFT_STANDARD_LIBRARIES = YES;
				BUNDLE_LOADER = "$(TEST_HOST)";
				CODE_SIGN_STYLE = Automatic;
				DEVELOPMENT_TEAM = 6522YLS3GH;
				INFOPLIST_FILE = MatchingAppTests/Info.plist;
				IPHONEOS_DEPLOYMENT_TARGET = 14.1;
				LD_RUNPATH_SEARCH_PATHS = (
					"$(inherited)",
					"@executable_path/Frameworks",
					"@loader_path/Frameworks",
				);
				PRODUCT_BUNDLE_IDENTIFIER = s.photo.trumpet.005.Matchingapp.MatchingAppTests;
				PRODUCT_NAME = "$(TARGET_NAME)";
				SWIFT_VERSION = 5.0;
				TARGETED_DEVICE_FAMILY = "1,2";
				TEST_HOST = "$(BUILT_PRODUCTS_DIR)/MatchingApp.app/MatchingApp";
			};
			name = Debug;
		};
		912F118225D9545C003432FE /* Release */ = {
			isa = XCBuildConfiguration;
			buildSettings = {
				ALWAYS_EMBED_SWIFT_STANDARD_LIBRARIES = YES;
				BUNDLE_LOADER = "$(TEST_HOST)";
				CODE_SIGN_STYLE = Automatic;
				DEVELOPMENT_TEAM = 6522YLS3GH;
				INFOPLIST_FILE = MatchingAppTests/Info.plist;
				IPHONEOS_DEPLOYMENT_TARGET = 14.1;
				LD_RUNPATH_SEARCH_PATHS = (
					"$(inherited)",
					"@executable_path/Frameworks",
					"@loader_path/Frameworks",
				);
				PRODUCT_BUNDLE_IDENTIFIER = s.photo.trumpet.005.Matchingapp.MatchingAppTests;
				PRODUCT_NAME = "$(TARGET_NAME)";
				SWIFT_VERSION = 5.0;
				TARGETED_DEVICE_FAMILY = "1,2";
				TEST_HOST = "$(BUILT_PRODUCTS_DIR)/MatchingApp.app/MatchingApp";
			};
			name = Release;
		};
		912F118425D9545C003432FE /* Debug */ = {
			isa = XCBuildConfiguration;
			buildSettings = {
				ALWAYS_EMBED_SWIFT_STANDARD_LIBRARIES = YES;
				CODE_SIGN_STYLE = Automatic;
				DEVELOPMENT_TEAM = 6522YLS3GH;
				INFOPLIST_FILE = MatchingAppUITests/Info.plist;
				LD_RUNPATH_SEARCH_PATHS = (
					"$(inherited)",
					"@executable_path/Frameworks",
					"@loader_path/Frameworks",
				);
				PRODUCT_BUNDLE_IDENTIFIER = s.photo.trumpet.005.Matchingapp.MatchingAppUITests;
				PRODUCT_NAME = "$(TARGET_NAME)";
				SWIFT_VERSION = 5.0;
				TARGETED_DEVICE_FAMILY = "1,2";
				TEST_TARGET_NAME = MatchingApp;
			};
			name = Debug;
		};
		912F118525D9545C003432FE /* Release */ = {
			isa = XCBuildConfiguration;
			buildSettings = {
				ALWAYS_EMBED_SWIFT_STANDARD_LIBRARIES = YES;
				CODE_SIGN_STYLE = Automatic;
				DEVELOPMENT_TEAM = 6522YLS3GH;
				INFOPLIST_FILE = MatchingAppUITests/Info.plist;
				LD_RUNPATH_SEARCH_PATHS = (
					"$(inherited)",
					"@executable_path/Frameworks",
					"@loader_path/Frameworks",
				);
				PRODUCT_BUNDLE_IDENTIFIER = s.photo.trumpet.005.Matchingapp.MatchingAppUITests;
				PRODUCT_NAME = "$(TARGET_NAME)";
				SWIFT_VERSION = 5.0;
				TARGETED_DEVICE_FAMILY = "1,2";
				TEST_TARGET_NAME = MatchingApp;
			};
			name = Release;
		};
/* End XCBuildConfiguration section */

/* Begin XCConfigurationList section */
		912F114E25D9545A003432FE /* Build configuration list for PBXProject "MatchingApp" */ = {
			isa = XCConfigurationList;
			buildConfigurations = (
				912F117B25D9545C003432FE /* Debug */,
				912F117C25D9545C003432FE /* Release */,
			);
			defaultConfigurationIsVisible = 0;
			defaultConfigurationName = Release;
		};
		912F117D25D9545C003432FE /* Build configuration list for PBXNativeTarget "MatchingApp" */ = {
			isa = XCConfigurationList;
			buildConfigurations = (
				912F117E25D9545C003432FE /* Debug */,
				912F117F25D9545C003432FE /* Release */,
			);
			defaultConfigurationIsVisible = 0;
			defaultConfigurationName = Release;
		};
		912F118025D9545C003432FE /* Build configuration list for PBXNativeTarget "MatchingAppTests" */ = {
			isa = XCConfigurationList;
			buildConfigurations = (
				912F118125D9545C003432FE /* Debug */,
				912F118225D9545C003432FE /* Release */,
			);
			defaultConfigurationIsVisible = 0;
			defaultConfigurationName = Release;
		};
		912F118325D9545C003432FE /* Build configuration list for PBXNativeTarget "MatchingAppUITests" */ = {
			isa = XCConfigurationList;
			buildConfigurations = (
				912F118425D9545C003432FE /* Debug */,
				912F118525D9545C003432FE /* Release */,
			);
			defaultConfigurationIsVisible = 0;
			defaultConfigurationName = Release;
		};
/* End XCConfigurationList section */

/* Begin XCRemoteSwiftPackageReference section */
		91BC6CDD25DAAD5400C679B0 /* XCRemoteSwiftPackageReference "RxSwift" */ = {
			isa = XCRemoteSwiftPackageReference;
			repositoryURL = "https://github.com/ReactiveX/RxSwift";
			requirement = {
				kind = exactVersion;
				version = 6.0.0;
			};
		};
/* End XCRemoteSwiftPackageReference section */

/* Begin XCSwiftPackageProductDependency section */
		91BC6CDE25DAAD5400C679B0 /* RxSwift */ = {
			isa = XCSwiftPackageProductDependency;
			package = 91BC6CDD25DAAD5400C679B0 /* XCRemoteSwiftPackageReference "RxSwift" */;
			productName = RxSwift;
		};
		91BC6CE025DAAD5400C679B0 /* RxCocoa */ = {
			isa = XCSwiftPackageProductDependency;
			package = 91BC6CDD25DAAD5400C679B0 /* XCRemoteSwiftPackageReference "RxSwift" */;
			productName = RxCocoa;
		};
		91BC6CE225DAAD5400C679B0 /* RxRelay */ = {
			isa = XCSwiftPackageProductDependency;
			package = 91BC6CDD25DAAD5400C679B0 /* XCRemoteSwiftPackageReference "RxSwift" */;
			productName = RxRelay;
		};
/* End XCSwiftPackageProductDependency section */
	};
	rootObject = 912F114B25D9545A003432FE /* Project object */;
}
